
Microsoft Visual Studio Solution File, Format Version 12.00
# Visual Studio Version 16
VisualStudioVersion = 16.0.29709.97
MinimumVisualStudioVersion = 10.0.40219.1
Project("{8BC9CEB8-8B4A-11D0-8D11-00A0C91BC942}") = "ProjectEuler", "ProjectEuler.vcxproj", "{49661F98-0792-4885-9ADF-B21A9483137A}"
EndProject
Project("{8BC9CEB8-8B4A-11D0-8D11-00A0C91BC942}") = "Tests", "..\Tests\Tests.vcxproj", "{C4348D7D-0001-4DF5-AE5E-78D668085314}"
EndProject
Global
	GlobalSection(SolutionConfigurationPlatforms) = preSolution
		Debug|x64 = Debug|x64
		Debug|x86 = Debug|x86
		Release|x64 = Release|x64
		Release|x86 = Release|x86
	EndGlobalSection
	GlobalSection(ProjectConfigurationPlatforms) = postSolution
		{49661F98-0792-4885-9ADF-B21A9483137A}.Debug|x64.ActiveCfg = Debug|x64
		{49661F98-0792-4885-9ADF-B21A9483137A}.Debug|x64.Build.0 = Debug|x64
		{49661F98-0792-4885-9ADF-B21A9483137A}.Debug|x86.ActiveCfg = Debug|Win32
		{49661F98-0792-4885-9ADF-B21A9483137A}.Debug|x86.Build.0 = Debug|Win32
		{49661F98-0792-4885-9ADF-B21A9483137A}.Release|x64.ActiveCfg = Release|x64
		{49661F98-0792-4885-9ADF-B21A9483137A}.Release|x64.Build.0 = Release|x64
		{49661F98-0792-4885-9ADF-B21A9483137A}.Release|x86.ActiveCfg = Debug|Win32
		{49661F98-0792-4885-9ADF-B21A9483137A}.Release|x86.Build.0 = Debug|Win32
		{C4348D7D-0001-4DF5-AE5E-78D668085314}.Debug|x64.ActiveCfg = Debug|x64
		{C4348D7D-0001-4DF5-AE5E-78D668085314}.Debug|x64.Build.0 = Debug|x64
		{C4348D7D-0001-4DF5-AE5E-78D668085314}.Debug|x86.ActiveCfg = Debug|Win32
		{C4348D7D-0001-4DF5-AE5E-78D668085314}.Debug|x86.Build.0 = Debug|Win32
		{C4348D7D-0001-4DF5-AE5E-78D668085314}.Release|x64.ActiveCfg = Release|x64
		{C4348D7D-0001-4DF5-AE5E-78D668085314}.Release|x64.Build.0 = Release|x64
		{C4348D7D-0001-4DF5-AE5E-78D668085314}.Release|x86.ActiveCfg = Release|Win32
		{C4348D7D-0001-4DF5-AE5E-78D668085314}.Release|x86.Build.0 = Release|Win32
	EndGlobalSection
	GlobalSection(SolutionProperties) = preSolution
		HideSolutionNode = FALSE
	EndGlobalSection
	GlobalSection(ExtensibilityGlobals) = postSolution
		SolutionGuid = {F2873BF8-3201-45D3-B1C5-9B0A8E91A021}
	EndGlobalSection
EndGlobal
